
Microsoft Visual Studio Solution File, Format Version 12.00
# Visual Studio Version 17
VisualStudioVersion = 17.4.33103.184
MinimumVisualStudioVersion = 10.0.40219.1
Project("{9A19103F-16F7-4668-BE54-9A1E7A4F7556}") = "InnoGotchi.Web", "InnoGotchi.Web\InnoGotchi.Web.csproj", "{69484818-59E7-410B-B648-30CF3DEC05BC}"
EndProject
Project("{FAE04EC0-301F-11D3-BF4B-00C04F79EFBC}") = "InnoGotchi.DAL", "InnoGotchiFrontend.DAL\InnoGotchi.DAL.csproj", "{4612F670-1124-485C-8080-3C3E0CE17411}"
EndProject
Global
	GlobalSection(SolutionConfigurationPlatforms) = preSolution
		Debug|Any CPU = Debug|Any CPU
		Release|Any CPU = Release|Any CPU
	EndGlobalSection
	GlobalSection(ProjectConfigurationPlatforms) = postSolution
		{69484818-59E7-410B-B648-30CF3DEC05BC}.Debug|Any CPU.ActiveCfg = Debug|Any CPU
		{69484818-59E7-410B-B648-30CF3DEC05BC}.Debug|Any CPU.Build.0 = Debug|Any CPU
		{69484818-59E7-410B-B648-30CF3DEC05BC}.Release|Any CPU.ActiveCfg = Release|Any CPU
		{69484818-59E7-410B-B648-30CF3DEC05BC}.Release|Any CPU.Build.0 = Release|Any CPU
		{4612F670-1124-485C-8080-3C3E0CE17411}.Debug|Any CPU.ActiveCfg = Debug|Any CPU
		{4612F670-1124-485C-8080-3C3E0CE17411}.Debug|Any CPU.Build.0 = Debug|Any CPU
		{4612F670-1124-485C-8080-3C3E0CE17411}.Release|Any CPU.ActiveCfg = Release|Any CPU
		{4612F670-1124-485C-8080-3C3E0CE17411}.Release|Any CPU.Build.0 = Release|Any CPU
	EndGlobalSection
	GlobalSection(SolutionProperties) = preSolution
		HideSolutionNode = FALSE
	EndGlobalSection
	GlobalSection(ExtensibilityGlobals) = postSolution
		SolutionGuid = {7517E17E-89CB-4B79-9228-E80DCC3AA21A}
	EndGlobalSection
EndGlobal
